// !$*UTF8*$!
{
	archiveVersion = 1;
	classes = {
	};
	objectVersion = 46;
	objects = {

/* Begin PBXBuildFile section */
		8C4EBFFA1EC2BDF600911743 /* DMSMaPSeq.cpp in Sources */ = {isa = PBXBuildFile; fileRef = 8C4EBFF91EC2BDF600911743 /* DMSMaPSeq.cpp */; };
/* End PBXBuildFile section */

/* Begin PBXCopyFilesBuildPhase section */
		8C4EBFEC1EC2BDA800911743 /* CopyFiles */ = {
			isa = PBXCopyFilesBuildPhase;
			buildActionMask = 2147483647;
			dstPath = /usr/share/man/man1/;
			dstSubfolderSpec = 0;
			files = (
			);
			runOnlyForDeploymentPostprocessing = 1;
		};
/* End PBXCopyFilesBuildPhase section */

/* Begin PBXFileReference section */
		8C4EBFEE1EC2BDA800911743 /* DMSMaPSeq */ = {isa = PBXFileReference; explicitFileType = "compiled.mach-o.executable"; includeInIndex = 0; path = DMSMaPSeq; sourceTree = BUILT_PRODUCTS_DIR; };
		8C4EBFF81EC2BDF600911743 /* DMSMaPSeq.hpp */ = {isa = PBXFileReference; fileEncoding = 4; lastKnownFileType = sourcecode.cpp.h; path = DMSMaPSeq.hpp; sourceTree = "<group>"; };
		8C4EBFF91EC2BDF600911743 /* DMSMaPSeq.cpp */ = {isa = PBXFileReference; fileEncoding = 4; lastKnownFileType = sourcecode.cpp.cpp; path = DMSMaPSeq.cpp; sourceTree = "<group>"; };
/* End PBXFileReference section */

/* Begin PBXFrameworksBuildPhase section */
		8C4EBFEB1EC2BDA800911743 /* Frameworks */ = {
			isa = PBXFrameworksBuildPhase;
			buildActionMask = 2147483647;
			files = (
			);
			runOnlyForDeploymentPostprocessing = 0;
		};
/* End PBXFrameworksBuildPhase section */

/* Begin PBXGroup section */
		8C4EBFE51EC2BDA800911743 = {
			isa = PBXGroup;
			children = (
				8C4EBFF01EC2BDA800911743 /* DMSMaPSeq */,
				8C4EBFEF1EC2BDA800911743 /* Products */,
			);
			sourceTree = "<group>";
		};
		8C4EBFEF1EC2BDA800911743 /* Products */ = {
			isa = PBXGroup;
			children = (
				8C4EBFEE1EC2BDA800911743 /* DMSMaPSeq */,
			);
			name = Products;
			sourceTree = "<group>";
		};
		8C4EBFF01EC2BDA800911743 /* DMSMaPSeq */ = {
			isa = PBXGroup;
			children = (
				8C4EBFF81EC2BDF600911743 /* DMSMaPSeq.hpp */,
				8C4EBFF91EC2BDF600911743 /* DMSMaPSeq.cpp */,
			);
			path = DMSMaPSeq;
			sourceTree = "<group>";
		};
/* End PBXGroup section */

/* Begin PBXNativeTarget section */
		8C4EBFED1EC2BDA800911743 /* DMSMaPSeq */ = {
			isa = PBXNativeTarget;
			buildConfigurationList = 8C4EBFF51EC2BDA800911743 /* Build configuration list for PBXNativeTarget "DMSMaPSeq" */;
			buildPhases = (
				8C4EBFEA1EC2BDA800911743 /* Sources */,
				8C4EBFEB1EC2BDA800911743 /* Frameworks */,
				8C4EBFEC1EC2BDA800911743 /* CopyFiles */,
			);
			buildRules = (
			);
			dependencies = (
			);
			name = DMSMaPSeq;
			productName = DMSMaPSeq;
			productReference = 8C4EBFEE1EC2BDA800911743 /* DMSMaPSeq */;
			productType = "com.apple.product-type.tool";
		};
/* End PBXNativeTarget section */

/* Begin PBXProject section */
		8C4EBFE61EC2BDA800911743 /* Project object */ = {
			isa = PBXProject;
			attributes = {
				LastUpgradeCheck = 0730;
				ORGANIZATIONNAME = "Hua Li";
				TargetAttributes = {
					8C4EBFED1EC2BDA800911743 = {
						CreatedOnToolsVersion = 7.3;
					};
				};
			};
			buildConfigurationList = 8C4EBFE91EC2BDA800911743 /* Build configuration list for PBXProject "DMSMaPSeq" */;
			compatibilityVersion = "Xcode 3.2";
			developmentRegion = English;
			hasScannedForEncodings = 0;
			knownRegions = (
				en,
			);
			mainGroup = 8C4EBFE51EC2BDA800911743;
			productRefGroup = 8C4EBFEF1EC2BDA800911743 /* Products */;
			projectDirPath = "";
			projectRoot = "";
			targets = (
				8C4EBFED1EC2BDA800911743 /* DMSMaPSeq */,
			);
		};
/* End PBXProject section */

/* Begin PBXSourcesBuildPhase section */
		8C4EBFEA1EC2BDA800911743 /* Sources */ = {
			isa = PBXSourcesBuildPhase;
			buildActionMask = 2147483647;
			files = (
				8C4EBFFA1EC2BDF600911743 /* DMSMaPSeq.cpp in Sources */,
			);
			runOnlyForDeploymentPostprocessing = 0;
		};
/* End PBXSourcesBuildPhase section */

/* Begin XCBuildConfiguration section */
		8C4EBFF31EC2BDA800911743 /* Debug */ = {
			isa = XCBuildConfiguration;
			buildSettings = {
				ALWAYS_SEARCH_USER_PATHS = NO;
				CLANG_ANALYZER_NONNULL = YES;
				CLANG_CXX_LANGUAGE_STANDARD = "gnu++0x";
				CLANG_CXX_LIBRARY = "libc++";
				CLANG_ENABLE_MODULES = YES;
				CLANG_ENABLE_OBJC_ARC = YES;
				CLANG_WARN_BOOL_CONVERSION = YES;
				CLANG_WARN_CONSTANT_CONVERSION = YES;
				CLANG_WARN_DIRECT_OBJC_ISA_USAGE = YES_ERROR;
				CLANG_WARN_EMPTY_BODY = YES;
				CLANG_WARN_ENUM_CONVERSION = YES;
				CLANG_WARN_INT_CONVERSION = YES;
				CLANG_WARN_OBJC_ROOT_CLASS = YES_ERROR;
				CLANG_WARN_UNREACHABLE_CODE = YES;
				CLANG_WARN__DUPLICATE_METHOD_MATCH = YES;
				CODE_SIGN_IDENTITY = "-";
				COPY_PHASE_STRIP = NO;
				DEBUG_INFORMATION_FORMAT = dwarf;
				ENABLE_STRICT_OBJC_MSGSEND = YES;
				ENABLE_TESTABILITY = YES;
				GCC_C_LANGUAGE_STANDARD = gnu99;
				GCC_DYNAMIC_NO_PIC = NO;
				GCC_NO_COMMON_BLOCKS = YES;
				GCC_OPTIMIZATION_LEVEL = 0;
				GCC_PREPROCESSOR_DEFINITIONS = (
					"DEBUG=1",
					"$(inherited)",
				);
				GCC_WARN_64_TO_32_BIT_CONVERSION = YES;
				GCC_WARN_ABOUT_RETURN_TYPE = YES_ERROR;
				GCC_WARN_UNDECLARED_SELECTOR = YES;
				GCC_WARN_UNINITIALIZED_AUTOS = YES_AGGRESSIVE;
				GCC_WARN_UNUSED_FUNCTION = YES;
				GCC_WARN_UNUSED_VARIABLE = YES;
				MACOSX_DEPLOYMENT_TARGET = 10.11;
				MTL_ENABLE_DEBUG_INFO = YES;
				ONLY_ACTIVE_ARCH = YES;
				SDKROOT = macosx;
			};
			name = Debug;
		};
		8C4EBFF41EC2BDA800911743 /* Release */ = {
			isa = XCBuildConfiguration;
			buildSettings = {
				ALWAYS_SEARCH_USER_PATHS = NO;
				CLANG_ANALYZER_NONNULL = YES;
				CLANG_CXX_LANGUAGE_STANDARD = "gnu++0x";
				CLANG_CXX_LIBRARY = "libc++";
				CLANG_ENABLE_MODULES = YES;
				CLANG_ENABLE_OBJC_ARC = YES;
				CLANG_WARN_BOOL_CONVERSION = YES;
				CLANG_WARN_CONSTANT_CONVERSION = YES;
				CLANG_WARN_DIRECT_OBJC_ISA_USAGE = YES_ERROR;
				CLANG_WARN_EMPTY_BODY = YES;
				CLANG_WARN_ENUM_CONVERSION = YES;
				CLANG_WARN_INT_CONVERSION = YES;
				CLANG_WARN_OBJC_ROOT_CLASS = YES_ERROR;
				CLANG_WARN_UNREACHABLE_CODE = YES;
				CLANG_WARN__DUPLICATE_METHOD_MATCH = YES;
				CODE_SIGN_IDENTITY = "-";
				COPY_PHASE_STRIP = NO;
				DEBUG_INFORMATION_FORMAT = "dwarf-with-dsym";
				ENABLE_NS_ASSERTIONS = NO;
				ENABLE_STRICT_OBJC_MSGSEND = YES;
				GCC_C_LANGUAGE_STANDARD = gnu99;
				GCC_NO_COMMON_BLOCKS = YES;
				GCC_WARN_64_TO_32_BIT_CONVERSION = YES;
				GCC_WARN_ABOUT_RETURN_TYPE = YES_ERROR;
				GCC_WARN_UNDECLARED_SELECTOR = YES;
				GCC_WARN_UNINITIALIZED_AUTOS = YES_AGGRESSIVE;
				GCC_WARN_UNUSED_FUNCTION = YES;
				GCC_WARN_UNUSED_VARIABLE = YES;
				MACOSX_DEPLOYMENT_TARGET = 10.11;
				MTL_ENABLE_DEBUG_INFO = NO;
				SDKROOT = macosx;
			};
			name = Release;
		};
		8C4EBFF61EC2BDA800911743 /* Debug */ = {
			isa = XCBuildConfiguration;
			buildSettings = {
				PRODUCT_NAME = "$(TARGET_NAME)";
			};
			name = Debug;
		};
		8C4EBFF71EC2BDA800911743 /* Release */ = {
			isa = XCBuildConfiguration;
			buildSettings = {
				PRODUCT_NAME = "$(TARGET_NAME)";
			};
			name = Release;
		};
/* End XCBuildConfiguration section */

/* Begin XCConfigurationList section */
		8C4EBFE91EC2BDA800911743 /* Build configuration list for PBXProject "DMSMaPSeq" */ = {
			isa = XCConfigurationList;
			buildConfigurations = (
				8C4EBFF31EC2BDA800911743 /* Debug */,
				8C4EBFF41EC2BDA800911743 /* Release */,
			);
			defaultConfigurationIsVisible = 0;
			defaultConfigurationName = Release;
		};
		8C4EBFF51EC2BDA800911743 /* Build configuration list for PBXNativeTarget "DMSMaPSeq" */ = {
			isa = XCConfigurationList;
			buildConfigurations = (
				8C4EBFF61EC2BDA800911743 /* Debug */,
				8C4EBFF71EC2BDA800911743 /* Release */,
			);
			defaultConfigurationIsVisible = 0;
		};
/* End XCConfigurationList section */
	};
	rootObject = 8C4EBFE61EC2BDA800911743 /* Project object */;
}
