// !$*UTF8*$!
{
	archiveVersion = 1;
	classes = {
	};
	objectVersion = 46;
	objects = {

/* Begin PBXBuildFile section */
		809E679B1ECE92E400915A9E /* ADD-SHAPE-SEQ.cpp in Sources */ = {isa = PBXBuildFile; fileRef = 809E67991ECE92E400915A9E /* ADD-SHAPE-SEQ.cpp */; };
/* End PBXBuildFile section */

/* Begin PBXCopyFilesBuildPhase section */
		809E678D1ECE92C400915A9E /* CopyFiles */ = {
			isa = PBXCopyFilesBuildPhase;
			buildActionMask = 2147483647;
			dstPath = /usr/share/man/man1/;
			dstSubfolderSpec = 0;
			files = (
			);
			runOnlyForDeploymentPostprocessing = 1;
		};
/* End PBXCopyFilesBuildPhase section */

/* Begin PBXFileReference section */
		809E678F1ECE92C400915A9E /* ADD-SHAPE-SEQ */ = {isa = PBXFileReference; explicitFileType = "compiled.mach-o.executable"; includeInIndex = 0; path = "ADD-SHAPE-SEQ"; sourceTree = BUILT_PRODUCTS_DIR; };
		809E67991ECE92E400915A9E /* ADD-SHAPE-SEQ.cpp */ = {isa = PBXFileReference; fileEncoding = 4; lastKnownFileType = sourcecode.cpp.cpp; path = "ADD-SHAPE-SEQ.cpp"; sourceTree = "<group>"; };
		809E679A1ECE92E400915A9E /* ADD-SHAPE-SEQ.hpp */ = {isa = PBXFileReference; fileEncoding = 4; lastKnownFileType = sourcecode.cpp.h; path = "ADD-SHAPE-SEQ.hpp"; sourceTree = "<group>"; };
/* End PBXFileReference section */

/* Begin PBXFrameworksBuildPhase section */
		809E678C1ECE92C400915A9E /* Frameworks */ = {
			isa = PBXFrameworksBuildPhase;
			buildActionMask = 2147483647;
			files = (
			);
			runOnlyForDeploymentPostprocessing = 0;
		};
/* End PBXFrameworksBuildPhase section */

/* Begin PBXGroup section */
		809E67861ECE92C400915A9E = {
			isa = PBXGroup;
			children = (
				809E67911ECE92C400915A9E /* ADD-SHAPE-SEQ */,
				809E67901ECE92C400915A9E /* Products */,
			);
			sourceTree = "<group>";
		};
		809E67901ECE92C400915A9E /* Products */ = {
			isa = PBXGroup;
			children = (
				809E678F1ECE92C400915A9E /* ADD-SHAPE-SEQ */,
			);
			name = Products;
			sourceTree = "<group>";
		};
		809E67911ECE92C400915A9E /* ADD-SHAPE-SEQ */ = {
			isa = PBXGroup;
			children = (
				809E67991ECE92E400915A9E /* ADD-SHAPE-SEQ.cpp */,
				809E679A1ECE92E400915A9E /* ADD-SHAPE-SEQ.hpp */,
			);
			path = "ADD-SHAPE-SEQ";
			sourceTree = "<group>";
		};
/* End PBXGroup section */

/* Begin PBXNativeTarget section */
		809E678E1ECE92C400915A9E /* ADD-SHAPE-SEQ */ = {
			isa = PBXNativeTarget;
			buildConfigurationList = 809E67961ECE92C400915A9E /* Build configuration list for PBXNativeTarget "ADD-SHAPE-SEQ" */;
			buildPhases = (
				809E678B1ECE92C400915A9E /* Sources */,
				809E678C1ECE92C400915A9E /* Frameworks */,
				809E678D1ECE92C400915A9E /* CopyFiles */,
			);
			buildRules = (
			);
			dependencies = (
			);
			name = "ADD-SHAPE-SEQ";
			productName = "ADD-SHAPE-SEQ";
			productReference = 809E678F1ECE92C400915A9E /* ADD-SHAPE-SEQ */;
			productType = "com.apple.product-type.tool";
		};
/* End PBXNativeTarget section */

/* Begin PBXProject section */
		809E67871ECE92C400915A9E /* Project object */ = {
			isa = PBXProject;
			attributes = {
				LastUpgradeCheck = 0730;
				ORGANIZATIONNAME = "Hua Li";
				TargetAttributes = {
					809E678E1ECE92C400915A9E = {
						CreatedOnToolsVersion = 7.3;
					};
				};
			};
			buildConfigurationList = 809E678A1ECE92C400915A9E /* Build configuration list for PBXProject "ADD-SHAPE-SEQ" */;
			compatibilityVersion = "Xcode 3.2";
			developmentRegion = English;
			hasScannedForEncodings = 0;
			knownRegions = (
				en,
			);
			mainGroup = 809E67861ECE92C400915A9E;
			productRefGroup = 809E67901ECE92C400915A9E /* Products */;
			projectDirPath = "";
			projectRoot = "";
			targets = (
				809E678E1ECE92C400915A9E /* ADD-SHAPE-SEQ */,
			);
		};
/* End PBXProject section */

/* Begin PBXSourcesBuildPhase section */
		809E678B1ECE92C400915A9E /* Sources */ = {
			isa = PBXSourcesBuildPhase;
			buildActionMask = 2147483647;
			files = (
				809E679B1ECE92E400915A9E /* ADD-SHAPE-SEQ.cpp in Sources */,
			);
			runOnlyForDeploymentPostprocessing = 0;
		};
/* End PBXSourcesBuildPhase section */

/* Begin XCBuildConfiguration section */
		809E67941ECE92C400915A9E /* Debug */ = {
			isa = XCBuildConfiguration;
			buildSettings = {
				ALWAYS_SEARCH_USER_PATHS = NO;
				CLANG_ANALYZER_NONNULL = YES;
				CLANG_CXX_LANGUAGE_STANDARD = "gnu++0x";
				CLANG_CXX_LIBRARY = "libc++";
				CLANG_ENABLE_MODULES = YES;
				CLANG_ENABLE_OBJC_ARC = YES;
				CLANG_WARN_BOOL_CONVERSION = YES;
				CLANG_WARN_CONSTANT_CONVERSION = YES;
				CLANG_WARN_DIRECT_OBJC_ISA_USAGE = YES_ERROR;
				CLANG_WARN_EMPTY_BODY = YES;
				CLANG_WARN_ENUM_CONVERSION = YES;
				CLANG_WARN_INT_CONVERSION = YES;
				CLANG_WARN_OBJC_ROOT_CLASS = YES_ERROR;
				CLANG_WARN_UNREACHABLE_CODE = YES;
				CLANG_WARN__DUPLICATE_METHOD_MATCH = YES;
				CODE_SIGN_IDENTITY = "-";
				COPY_PHASE_STRIP = NO;
				DEBUG_INFORMATION_FORMAT = dwarf;
				ENABLE_STRICT_OBJC_MSGSEND = YES;
				ENABLE_TESTABILITY = YES;
				GCC_C_LANGUAGE_STANDARD = gnu99;
				GCC_DYNAMIC_NO_PIC = NO;
				GCC_NO_COMMON_BLOCKS = YES;
				GCC_OPTIMIZATION_LEVEL = 0;
				GCC_PREPROCESSOR_DEFINITIONS = (
					"DEBUG=1",
					"$(inherited)",
				);
				GCC_WARN_64_TO_32_BIT_CONVERSION = YES;
				GCC_WARN_ABOUT_RETURN_TYPE = YES_ERROR;
				GCC_WARN_UNDECLARED_SELECTOR = YES;
				GCC_WARN_UNINITIALIZED_AUTOS = YES_AGGRESSIVE;
				GCC_WARN_UNUSED_FUNCTION = YES;
				GCC_WARN_UNUSED_VARIABLE = YES;
				MACOSX_DEPLOYMENT_TARGET = 10.11;
				MTL_ENABLE_DEBUG_INFO = YES;
				ONLY_ACTIVE_ARCH = YES;
				SDKROOT = macosx;
			};
			name = Debug;
		};
		809E67951ECE92C400915A9E /* Release */ = {
			isa = XCBuildConfiguration;
			buildSettings = {
				ALWAYS_SEARCH_USER_PATHS = NO;
				CLANG_ANALYZER_NONNULL = YES;
				CLANG_CXX_LANGUAGE_STANDARD = "gnu++0x";
				CLANG_CXX_LIBRARY = "libc++";
				CLANG_ENABLE_MODULES = YES;
				CLANG_ENABLE_OBJC_ARC = YES;
				CLANG_WARN_BOOL_CONVERSION = YES;
				CLANG_WARN_CONSTANT_CONVERSION = YES;
				CLANG_WARN_DIRECT_OBJC_ISA_USAGE = YES_ERROR;
				CLANG_WARN_EMPTY_BODY = YES;
				CLANG_WARN_ENUM_CONVERSION = YES;
				CLANG_WARN_INT_CONVERSION = YES;
				CLANG_WARN_OBJC_ROOT_CLASS = YES_ERROR;
				CLANG_WARN_UNREACHABLE_CODE = YES;
				CLANG_WARN__DUPLICATE_METHOD_MATCH = YES;
				CODE_SIGN_IDENTITY = "-";
				COPY_PHASE_STRIP = NO;
				DEBUG_INFORMATION_FORMAT = "dwarf-with-dsym";
				ENABLE_NS_ASSERTIONS = NO;
				ENABLE_STRICT_OBJC_MSGSEND = YES;
				GCC_C_LANGUAGE_STANDARD = gnu99;
				GCC_NO_COMMON_BLOCKS = YES;
				GCC_WARN_64_TO_32_BIT_CONVERSION = YES;
				GCC_WARN_ABOUT_RETURN_TYPE = YES_ERROR;
				GCC_WARN_UNDECLARED_SELECTOR = YES;
				GCC_WARN_UNINITIALIZED_AUTOS = YES_AGGRESSIVE;
				GCC_WARN_UNUSED_FUNCTION = YES;
				GCC_WARN_UNUSED_VARIABLE = YES;
				MACOSX_DEPLOYMENT_TARGET = 10.11;
				MTL_ENABLE_DEBUG_INFO = NO;
				SDKROOT = macosx;
			};
			name = Release;
		};
		809E67971ECE92C400915A9E /* Debug */ = {
			isa = XCBuildConfiguration;
			buildSettings = {
				PRODUCT_NAME = "$(TARGET_NAME)";
			};
			name = Debug;
		};
		809E67981ECE92C400915A9E /* Release */ = {
			isa = XCBuildConfiguration;
			buildSettings = {
				PRODUCT_NAME = "$(TARGET_NAME)";
			};
			name = Release;
		};
/* End XCBuildConfiguration section */

/* Begin XCConfigurationList section */
		809E678A1ECE92C400915A9E /* Build configuration list for PBXProject "ADD-SHAPE-SEQ" */ = {
			isa = XCConfigurationList;
			buildConfigurations = (
				809E67941ECE92C400915A9E /* Debug */,
				809E67951ECE92C400915A9E /* Release */,
			);
			defaultConfigurationIsVisible = 0;
			defaultConfigurationName = Release;
		};
		809E67961ECE92C400915A9E /* Build configuration list for PBXNativeTarget "ADD-SHAPE-SEQ" */ = {
			isa = XCConfigurationList;
			buildConfigurations = (
				809E67971ECE92C400915A9E /* Debug */,
				809E67981ECE92C400915A9E /* Release */,
			);
			defaultConfigurationIsVisible = 0;
		};
/* End XCConfigurationList section */
	};
	rootObject = 809E67871ECE92C400915A9E /* Project object */;
}
